Microsoft Visual Studio Solution File, Format Version 12.00
# Visual Studio Version 17
VisualStudioVersion = 17.5.2.0
MinimumVisualStudioVersion = 10.0.40219.1
Project("{FAE04EC0-301F-11D3-BF4B-00C04F79EFBC}") = "moment_3", "moment_3.csproj", "{E881E31F-ED93-4B62-5733-75686A4BFFB5}"
EndProject
Global
	GlobalSection(SolutionConfigurationPlatforms) = preSolution
		Debug|Any CPU = Debug|Any CPU
		Release|Any CPU = Release|Any CPU
	EndGlobalSection
	GlobalSection(ProjectConfigurationPlatforms) = postSolution
		{E881E31F-ED93-4B62-5733-75686A4BFFB5}.Debug|Any CPU.ActiveCfg = Debug|Any CPU
		{E881E31F-ED93-4B62-5733-75686A4BFFB5}.Debug|Any CPU.Build.0 = Debug|Any CPU
		{E881E31F-ED93-4B62-5733-75686A4BFFB5}.Release|Any CPU.ActiveCfg = Release|Any CPU
		{E881E31F-ED93-4B62-5733-75686A4BFFB5}.Release|Any CPU.Build.0 = Release|Any CPU
	EndGlobalSection
	GlobalSection(SolutionProperties) = preSolution
		HideSolutionNode = FALSE
	EndGlobalSection
	GlobalSection(ExtensibilityGlobals) = postSolution
		SolutionGuid = {04807A0E-670D-4EDB-AC23-AEE4AB7989AF}
	EndGlobalSection
EndGlobal
